{
  "name": "demo-snakes-and-ladders",
  "version": "1.0.0",
  "lockfileVersion": 2,
  "requires": true,
  "packages": {
    "": {
      "version": "1.0.0",
      "license": "ISC",
      "devDependencies": {
        "svelte-dnd-action": "^0.8.9"
      }
    },
    "node_modules/svelte-dnd-action": {
      "version": "0.8.9",
      "resolved": "https://registry.npmjs.org/svelte-dnd-action/-/svelte-dnd-action-0.8.9.tgz",
      "integrity": "sha512-4WaLRvERr2JoX6Lh9GnlEZRzFF5eY3h2q0n5+lS4/+nqqQjTIpCwTrncMf9tJNa+M4AGy43I5aq5F+Ohl/nxLg==",
      "dev": true
    }
  },
  "dependencies": {
    "svelte-dnd-action": {
      "version": "0.8.9",
      "resolved": "https://registry.npmjs.org/svelte-dnd-action/-/svelte-dnd-action-0.8.9.tgz",
      "integrity": "sha512-4WaLRvERr2JoX6Lh9GnlEZRzFF5eY3h2q0n5+lS4/+nqqQjTIpCwTrncMf9tJNa+M4AGy43I5aq5F+Ohl/nxLg==",
      "dev": true
    }
  }
}
